
Microsoft Visual Studio Solution File, Format Version 12.00
# Visual Studio Version 17
VisualStudioVersion = 17.5.002.0
MinimumVisualStudioVersion = 10.0.40219.1
Project("{2150E333-8FDC-42A3-9474-1A3956D46DE8}") = "csharp-prep", "csharp-prep", "{4945613E-48E8-49E1-8EC0-AA23A68ABFDD}"
EndProject
Project("{9A19103F-16F7-4668-BE54-9A1E7A4F7556}") = "Prep1", "csharp-prep\Prep1\Prep1.csproj", "{D53AFE04-4A08-4FE4-B8AF-797094B82CC3}"
EndProject
Project("{9A19103F-16F7-4668-BE54-9A1E7A4F7556}") = "Prep2", "csharp-prep\Prep2\Prep2.csproj", "{7FEF3380-E392-4E33-B058-B237554BAAF2}"
EndProject
Project("{9A19103F-16F7-4668-BE54-9A1E7A4F7556}") = "Prep3", "csharp-prep\Prep3\Prep3.csproj", "{E71CD2D5-3E11-453B-A6F8-FED1E173CA56}"
EndProject
Project("{9A19103F-16F7-4668-BE54-9A1E7A4F7556}") = "Prep4", "csharp-prep\Prep4\Prep4.csproj", "{473107B3-8B2D-4BDD-B0DE-0C6E90E59FAE}"
EndProject
Project("{9A19103F-16F7-4668-BE54-9A1E7A4F7556}") = "Prep5", "csharp-prep\Prep5\Prep5.csproj", "{E98319F8-2A12-41C5-995F-D810E51CCF44}"
EndProject
Project("{2150E333-8FDC-42A3-9474-1A3956D46DE8}") = "final", "final", "{E993ACE5-21AD-450A-8503-0C16229A7EC0}"
EndProject
Project("{9A19103F-16F7-4668-BE54-9A1E7A4F7556}") = "FinalProject", "final\FinalProject\FinalProject.csproj", "{9D5D63E9-4DD2-42E3-A5BA-ED69DA4F0AC7}"
EndProject
Project("{9A19103F-16F7-4668-BE54-9A1E7A4F7556}") = "Foundation1", "final\Foundation1\Foundation1.csproj", "{400EAC5B-1600-4017-9455-EEC1E71EE7D6}"
EndProject
Project("{9A19103F-16F7-4668-BE54-9A1E7A4F7556}") = "Foundation2", "final\Foundation2\Foundation2.csproj", "{00844459-7132-447F-8A6C-2E59FB20609B}"
EndProject
Project("{9A19103F-16F7-4668-BE54-9A1E7A4F7556}") = "Foundation3", "final\Foundation3\Foundation3.csproj", "{D151F2AB-A264-421A-B9F8-B21DCF158317}"
EndProject
Project("{9A19103F-16F7-4668-BE54-9A1E7A4F7556}") = "Foundation4", "final\Foundation4\Foundation4.csproj", "{F3C5FA7F-79B6-4C46-9643-9E176A5B0288}"
EndProject
Project("{2150E333-8FDC-42A3-9474-1A3956D46DE8}") = "prepare", "prepare", "{25407477-27B1-4BFE-A520-8A103E12CD59}"
EndProject
Project("{9A19103F-16F7-4668-BE54-9A1E7A4F7556}") = "Learning02", "prepare\Learning02\Learning02.csproj", "{E8F60D48-7A30-456C-8440-D9013F6EA60C}"
EndProject
Project("{9A19103F-16F7-4668-BE54-9A1E7A4F7556}") = "Learning03", "prepare\Learning03\Learning03.csproj", "{6851AA6E-658F-4BE2-B779-B6F3298A2DA2}"
EndProject
Project("{9A19103F-16F7-4668-BE54-9A1E7A4F7556}") = "Learning04", "prepare\Learning04\Learning04.csproj", "{2B643C13-FE66-4ADC-90DF-6656395098BB}"
EndProject
Project("{9A19103F-16F7-4668-BE54-9A1E7A4F7556}") = "Learning05", "prepare\Learning05\Learning05.csproj", "{F602F524-801D-4508-90AB-C30314891950}"
EndProject
Project("{2150E333-8FDC-42A3-9474-1A3956D46DE8}") = "prove", "prove", "{38F7CF25-1176-4F36-8291-DB8BC6F2513B}"
EndProject
Project("{9A19103F-16F7-4668-BE54-9A1E7A4F7556}") = "Develop02", "prove\Develop02\Develop02.csproj", "{A165F454-D20B-4139-85A6-F2FD903FE8F0}"
EndProject
Project("{9A19103F-16F7-4668-BE54-9A1E7A4F7556}") = "Develop03", "prove\Develop03\Develop03.csproj", "{8E3B8CC6-FFB0-4FE9-9682-236D43883BD0}"
EndProject
Project("{9A19103F-16F7-4668-BE54-9A1E7A4F7556}") = "Develop04", "prove\Develop04\Develop04.csproj", "{8BC243DF-29E0-438A-A649-277256883DAF}"
EndProject
Project("{9A19103F-16F7-4668-BE54-9A1E7A4F7556}") = "Develop05", "prove\Develop05\Develop05.csproj", "{C7FBB270-5A4E-4375-BCAD-E05F6555AC55}"
EndProject
Project("{2150E333-8FDC-42A3-9474-1A3956D46DE8}") = "sandbox", "sandbox", "{42A67D23-843C-4744-860F-36D00F6A560C}"
EndProject
Project("{9A19103F-16F7-4668-BE54-9A1E7A4F7556}") = "Sandbox", "sandbox\Sandbox\Sandbox.csproj", "{2C45B1C6-A2B9-44DA-9DB5-F48510FEEF6C}"
EndProject
Global
	GlobalSection(SolutionConfigurationPlatforms) = preSolution
		Debug|Any CPU = Debug|Any CPU
		Release|Any CPU = Release|Any CPU
	EndGlobalSection
	GlobalSection(ProjectConfigurationPlatforms) = postSolution
		{D53AFE04-4A08-4FE4-B8AF-797094B82CC3}.Debug|Any CPU.ActiveCfg = Debug|Any CPU
		{D53AFE04-4A08-4FE4-B8AF-797094B82CC3}.Debug|Any CPU.Build.0 = Debug|Any CPU
		{D53AFE04-4A08-4FE4-B8AF-797094B82CC3}.Release|Any CPU.ActiveCfg = Release|Any CPU
		{D53AFE04-4A08-4FE4-B8AF-797094B82CC3}.Release|Any CPU.Build.0 = Release|Any CPU
		{7FEF3380-E392-4E33-B058-B237554BAAF2}.Debug|Any CPU.ActiveCfg = Debug|Any CPU
		{7FEF3380-E392-4E33-B058-B237554BAAF2}.Debug|Any CPU.Build.0 = Debug|Any CPU
		{7FEF3380-E392-4E33-B058-B237554BAAF2}.Release|Any CPU.ActiveCfg = Release|Any CPU
		{7FEF3380-E392-4E33-B058-B237554BAAF2}.Release|Any CPU.Build.0 = Release|Any CPU
		{E71CD2D5-3E11-453B-A6F8-FED1E173CA56}.Debug|Any CPU.ActiveCfg = Debug|Any CPU
		{E71CD2D5-3E11-453B-A6F8-FED1E173CA56}.Debug|Any CPU.Build.0 = Debug|Any CPU
		{E71CD2D5-3E11-453B-A6F8-FED1E173CA56}.Release|Any CPU.ActiveCfg = Release|Any CPU
		{E71CD2D5-3E11-453B-A6F8-FED1E173CA56}.Release|Any CPU.Build.0 = Release|Any CPU
		{473107B3-8B2D-4BDD-B0DE-0C6E90E59FAE}.Debug|Any CPU.ActiveCfg = Debug|Any CPU
		{473107B3-8B2D-4BDD-B0DE-0C6E90E59FAE}.Debug|Any CPU.Build.0 = Debug|Any CPU
		{473107B3-8B2D-4BDD-B0DE-0C6E90E59FAE}.Release|Any CPU.ActiveCfg = Release|Any CPU
		{473107B3-8B2D-4BDD-B0DE-0C6E90E59FAE}.Release|Any CPU.Build.0 = Release|Any CPU
		{E98319F8-2A12-41C5-995F-D810E51CCF44}.Debug|Any CPU.ActiveCfg = Debug|Any CPU
		{E98319F8-2A12-41C5-995F-D810E51CCF44}.Debug|Any CPU.Build.0 = Debug|Any CPU
		{E98319F8-2A12-41C5-995F-D810E51CCF44}.Release|Any CPU.ActiveCfg = Release|Any CPU
		{E98319F8-2A12-41C5-995F-D810E51CCF44}.Release|Any CPU.Build.0 = Release|Any CPU
		{9D5D63E9-4DD2-42E3-A5BA-ED69DA4F0AC7}.Debug|Any CPU.ActiveCfg = Debug|Any CPU
		{9D5D63E9-4DD2-42E3-A5BA-ED69DA4F0AC7}.Debug|Any CPU.Build.0 = Debug|Any CPU
		{9D5D63E9-4DD2-42E3-A5BA-ED69DA4F0AC7}.Release|Any CPU.ActiveCfg = Release|Any CPU
		{9D5D63E9-4DD2-42E3-A5BA-ED69DA4F0AC7}.Release|Any CPU.Build.0 = Release|Any CPU
		{400EAC5B-1600-4017-9455-EEC1E71EE7D6}.Debug|Any CPU.ActiveCfg = Debug|Any CPU
		{400EAC5B-1600-4017-9455-EEC1E71EE7D6}.Debug|Any CPU.Build.0 = Debug|Any CPU
		{400EAC5B-1600-4017-9455-EEC1E71EE7D6}.Release|Any CPU.ActiveCfg = Release|Any CPU
		{400EAC5B-1600-4017-9455-EEC1E71EE7D6}.Release|Any CPU.Build.0 = Release|Any CPU
		{00844459-7132-447F-8A6C-2E59FB20609B}.Debug|Any CPU.ActiveCfg = Debug|Any CPU
		{00844459-7132-447F-8A6C-2E59FB20609B}.Debug|Any CPU.Build.0 = Debug|Any CPU
		{00844459-7132-447F-8A6C-2E59FB20609B}.Release|Any CPU.ActiveCfg = Release|Any CPU
		{00844459-7132-447F-8A6C-2E59FB20609B}.Release|Any CPU.Build.0 = Release|Any CPU
		{D151F2AB-A264-421A-B9F8-B21DCF158317}.Debug|Any CPU.ActiveCfg = Debug|Any CPU
		{D151F2AB-A264-421A-B9F8-B21DCF158317}.Debug|Any CPU.Build.0 = Debug|Any CPU
		{D151F2AB-A264-421A-B9F8-B21DCF158317}.Release|Any CPU.ActiveCfg = Release|Any CPU
		{D151F2AB-A264-421A-B9F8-B21DCF158317}.Release|Any CPU.Build.0 = Release|Any CPU
		{F3C5FA7F-79B6-4C46-9643-9E176A5B0288}.Debug|Any CPU.ActiveCfg = Debug|Any CPU
		{F3C5FA7F-79B6-4C46-9643-9E176A5B0288}.Debug|Any CPU.Build.0 = Debug|Any CPU
		{F3C5FA7F-79B6-4C46-9643-9E176A5B0288}.Release|Any CPU.ActiveCfg = Release|Any CPU
		{F3C5FA7F-79B6-4C46-9643-9E176A5B0288}.Release|Any CPU.Build.0 = Release|Any CPU
		{E8F60D48-7A30-456C-8440-D9013F6EA60C}.Debug|Any CPU.ActiveCfg = Debug|Any CPU
		{E8F60D48-7A30-456C-8440-D9013F6EA60C}.Debug|Any CPU.Build.0 = Debug|Any CPU
		{E8F60D48-7A30-456C-8440-D9013F6EA60C}.Release|Any CPU.ActiveCfg = Release|Any CPU
		{E8F60D48-7A30-456C-8440-D9013F6EA60C}.Release|Any CPU.Build.0 = Release|Any CPU
		{6851AA6E-658F-4BE2-B779-B6F3298A2DA2}.Debug|Any CPU.ActiveCfg = Debug|Any CPU
		{6851AA6E-658F-4BE2-B779-B6F3298A2DA2}.Debug|Any CPU.Build.0 = Debug|Any CPU
		{6851AA6E-658F-4BE2-B779-B6F3298A2DA2}.Release|Any CPU.ActiveCfg = Release|Any CPU
		{6851AA6E-658F-4BE2-B779-B6F3298A2DA2}.Release|Any CPU.Build.0 = Release|Any CPU
		{2B643C13-FE66-4ADC-90DF-6656395098BB}.Debug|Any CPU.ActiveCfg = Debug|Any CPU
		{2B643C13-FE66-4ADC-90DF-6656395098BB}.Debug|Any CPU.Build.0 = Debug|Any CPU
		{2B643C13-FE66-4ADC-90DF-6656395098BB}.Release|Any CPU.ActiveCfg = Release|Any CPU
		{2B643C13-FE66-4ADC-90DF-6656395098BB}.Release|Any CPU.Build.0 = Release|Any CPU
		{F602F524-801D-4508-90AB-C30314891950}.Debug|Any CPU.ActiveCfg = Debug|Any CPU
		{F602F524-801D-4508-90AB-C30314891950}.Debug|Any CPU.Build.0 = Debug|Any CPU
		{F602F524-801D-4508-90AB-C30314891950}.Release|Any CPU.ActiveCfg = Release|Any CPU
		{F602F524-801D-4508-90AB-C30314891950}.Release|Any CPU.Build.0 = Release|Any CPU
		{A165F454-D20B-4139-85A6-F2FD903FE8F0}.Debug|Any CPU.ActiveCfg = Debug|Any CPU
		{A165F454-D20B-4139-85A6-F2FD903FE8F0}.Debug|Any CPU.Build.0 = Debug|Any CPU
		{A165F454-D20B-4139-85A6-F2FD903FE8F0}.Release|Any CPU.ActiveCfg = Release|Any CPU
		{A165F454-D20B-4139-85A6-F2FD903FE8F0}.Release|Any CPU.Build.0 = Release|Any CPU
		{8E3B8CC6-FFB0-4FE9-9682-236D43883BD0}.Debug|Any CPU.ActiveCfg = Debug|Any CPU
		{8E3B8CC6-FFB0-4FE9-9682-236D43883BD0}.Debug|Any CPU.Build.0 = Debug|Any CPU
		{8E3B8CC6-FFB0-4FE9-9682-236D43883BD0}.Release|Any CPU.ActiveCfg = Release|Any CPU
		{8E3B8CC6-FFB0-4FE9-9682-236D43883BD0}.Release|Any CPU.Build.0 = Release|Any CPU
		{8BC243DF-29E0-438A-A649-277256883DAF}.Debug|Any CPU.ActiveCfg = Debug|Any CPU
		{8BC243DF-29E0-438A-A649-277256883DAF}.Debug|Any CPU.Build.0 = Debug|Any CPU
		{8BC243DF-29E0-438A-A649-277256883DAF}.Release|Any CPU.ActiveCfg = Release|Any CPU
		{8BC243DF-29E0-438A-A649-277256883DAF}.Release|Any CPU.Build.0 = Release|Any CPU
		{C7FBB270-5A4E-4375-BCAD-E05F6555AC55}.Debug|Any CPU.ActiveCfg = Debug|Any CPU
		{C7FBB270-5A4E-4375-BCAD-E05F6555AC55}.Debug|Any CPU.Build.0 = Debug|Any CPU
		{C7FBB270-5A4E-4375-BCAD-E05F6555AC55}.Release|Any CPU.ActiveCfg = Release|Any CPU
		{C7FBB270-5A4E-4375-BCAD-E05F6555AC55}.Release|Any CPU.Build.0 = Release|Any CPU
		{2C45B1C6-A2B9-44DA-9DB5-F48510FEEF6C}.Debug|Any CPU.ActiveCfg = Debug|Any CPU
		{2C45B1C6-A2B9-44DA-9DB5-F48510FEEF6C}.Debug|Any CPU.Build.0 = Debug|Any CPU
		{2C45B1C6-A2B9-44DA-9DB5-F48510FEEF6C}.Release|Any CPU.ActiveCfg = Release|Any CPU
		{2C45B1C6-A2B9-44DA-9DB5-F48510FEEF6C}.Release|Any CPU.Build.0 = Release|Any CPU
	EndGlobalSection
	GlobalSection(SolutionProperties) = preSolution
		HideSolutionNode = FALSE
	EndGlobalSection
	GlobalSection(NestedProjects) = preSolution
		{D53AFE04-4A08-4FE4-B8AF-797094B82CC3} = {4945613E-48E8-49E1-8EC0-AA23A68ABFDD}
		{7FEF3380-E392-4E33-B058-B237554BAAF2} = {4945613E-48E8-49E1-8EC0-AA23A68ABFDD}
		{E71CD2D5-3E11-453B-A6F8-FED1E173CA56} = {4945613E-48E8-49E1-8EC0-AA23A68ABFDD}
		{473107B3-8B2D-4BDD-B0DE-0C6E90E59FAE} = {4945613E-48E8-49E1-8EC0-AA23A68ABFDD}
		{E98319F8-2A12-41C5-995F-D810E51CCF44} = {4945613E-48E8-49E1-8EC0-AA23A68ABFDD}
		{9D5D63E9-4DD2-42E3-A5BA-ED69DA4F0AC7} = {E993ACE5-21AD-450A-8503-0C16229A7EC0}
		{400EAC5B-1600-4017-9455-EEC1E71EE7D6} = {E993ACE5-21AD-450A-8503-0C16229A7EC0}
		{00844459-7132-447F-8A6C-2E59FB20609B} = {E993ACE5-21AD-450A-8503-0C16229A7EC0}
		{D151F2AB-A264-421A-B9F8-B21DCF158317} = {E993ACE5-21AD-450A-8503-0C16229A7EC0}
		{F3C5FA7F-79B6-4C46-9643-9E176A5B0288} = {E993ACE5-21AD-450A-8503-0C16229A7EC0}
		{E8F60D48-7A30-456C-8440-D9013F6EA60C} = {25407477-27B1-4BFE-A520-8A103E12CD59}
		{6851AA6E-658F-4BE2-B779-B6F3298A2DA2} = {25407477-27B1-4BFE-A520-8A103E12CD59}
		{2B643C13-FE66-4ADC-90DF-6656395098BB} = {25407477-27B1-4BFE-A520-8A103E12CD59}
		{F602F524-801D-4508-90AB-C30314891950} = {25407477-27B1-4BFE-A520-8A103E12CD59}
		{A165F454-D20B-4139-85A6-F2FD903FE8F0} = {38F7CF25-1176-4F36-8291-DB8BC6F2513B}
		{8E3B8CC6-FFB0-4FE9-9682-236D43883BD0} = {38F7CF25-1176-4F36-8291-DB8BC6F2513B}
		{8BC243DF-29E0-438A-A649-277256883DAF} = {38F7CF25-1176-4F36-8291-DB8BC6F2513B}
		{C7FBB270-5A4E-4375-BCAD-E05F6555AC55} = {38F7CF25-1176-4F36-8291-DB8BC6F2513B}
		{2C45B1C6-A2B9-44DA-9DB5-F48510FEEF6C} = {42A67D23-843C-4744-860F-36D00F6A560C}
	EndGlobalSection
	GlobalSection(ExtensibilityGlobals) = postSolution
		SolutionGuid = {BB54C2F8-92AF-4DAA-81E9-D8C44636129C}
	EndGlobalSection
EndGlobal
